
Microsoft Visual Studio Solution File, Format Version 12.00
# Visual Studio Version 17
VisualStudioVersion = 17.0.32112.339
MinimumVisualStudioVersion = 10.0.40219.1
Project("{9A19103F-16F7-4668-BE54-9A1E7A4F7556}") = "KampIntro", "KampIntro\KampIntro.csproj", "{F452066C-54A1-422D-8650-241C365AEABA}"
EndProject
Project("{9A19103F-16F7-4668-BE54-9A1E7A4F7556}") = "Donguler", "Donguler\Donguler.csproj", "{639988BB-20B8-4D9B-8FBE-6C22BC5E89BA}"
EndProject
Project("{9A19103F-16F7-4668-BE54-9A1E7A4F7556}") = "ClassIntro", "ClassIntro\ClassIntro.csproj", "{269CE2D3-2762-437B-AB66-83FC82CDD8B5}"
EndProject
Project("{9A19103F-16F7-4668-BE54-9A1E7A4F7556}") = "IkinciGunOdevAlti", "IkinciGunOdevAlti\IkinciGunOdevAlti.csproj", "{5DB90EC6-1313-4E74-AF7E-0A191CA66C85}"
EndProject
Project("{9A19103F-16F7-4668-BE54-9A1E7A4F7556}") = "Metotlar", "Metotlar\Metotlar.csproj", "{E274CA2D-6D9A-4DEA-8922-F914AC121461}"
EndProject
Project("{9A19103F-16F7-4668-BE54-9A1E7A4F7556}") = "Matematik", "Matematik\Matematik.csproj", "{E2AC311A-15E2-4652-B8E6-E1D11E005391}"
EndProject
Project("{9A19103F-16F7-4668-BE54-9A1E7A4F7556}") = "DegerVeReferansTipler", "DegerVeReferansTipler\DegerVeReferansTipler.csproj", "{8AE36FAE-D9D0-4860-A9DC-76E8E9F14484}"
EndProject
Project("{9A19103F-16F7-4668-BE54-9A1E7A4F7556}") = "ClassMetotDemo", "ClassMetotDemo\ClassMetotDemo.csproj", "{3C69F01C-6837-4B82-9E0D-0651C5DAA97A}"
EndProject
Project("{9A19103F-16F7-4668-BE54-9A1E7A4F7556}") = "OOP1", "OOP1\OOP1.csproj", "{AB196EF3-A31F-4B1B-BF97-3B06903062FC}"
EndProject
Project("{9A19103F-16F7-4668-BE54-9A1E7A4F7556}") = "Koleksiyonlar", "Koleksiyonlar\Koleksiyonlar.csproj", "{82CFE602-96F8-4CA5-A4CE-7B2B6A4C6F7B}"
EndProject
Project("{9A19103F-16F7-4668-BE54-9A1E7A4F7556}") = "GenericsIntro", "GenericsIntro\GenericsIntro.csproj", "{C87FF5C7-71BE-4E3B-8346-B961AD076DAA}"
EndProject
Project("{9A19103F-16F7-4668-BE54-9A1E7A4F7556}") = "ReferenceTypes", "ReferenceTypes\ReferenceTypes.csproj", "{58CB65A8-150E-4CA5-9990-6947C69E212F}"
EndProject
Project("{9A19103F-16F7-4668-BE54-9A1E7A4F7556}") = "Constructors", "Constructors\Constructors.csproj", "{75E66E23-E78B-4F30-8B37-D137DB7C1EC7}"
EndProject
Project("{9A19103F-16F7-4668-BE54-9A1E7A4F7556}") = "Generics", "Generics\Generics.csproj", "{4CE1F9D4-A8E7-42F4-BE40-F0D3C5EB4A15}"
EndProject
Project("{9A19103F-16F7-4668-BE54-9A1E7A4F7556}") = "Dictionary", "Dictionary\Dictionary.csproj", "{481B86EC-EE62-4430-9FA1-643500BA7885}"
EndProject
Project("{FAE04EC0-301F-11D3-BF4B-00C04F79EFBC}") = "OOP2", "OOP2\OOP2.csproj", "{D2219AC0-5FE4-45DE-887A-CE556F221B26}"
EndProject
Project("{FAE04EC0-301F-11D3-BF4B-00C04F79EFBC}") = "OOP3", "OOP3\OOP3.csproj", "{48CE1BA1-2406-48CC-83CB-589B01559499}"
EndProject
Global
	GlobalSection(SolutionConfigurationPlatforms) = preSolution
		Debug|Any CPU = Debug|Any CPU
		Release|Any CPU = Release|Any CPU
	EndGlobalSection
	GlobalSection(ProjectConfigurationPlatforms) = postSolution
		{F452066C-54A1-422D-8650-241C365AEABA}.Debug|Any CPU.ActiveCfg = Debug|Any CPU
		{F452066C-54A1-422D-8650-241C365AEABA}.Debug|Any CPU.Build.0 = Debug|Any CPU
		{F452066C-54A1-422D-8650-241C365AEABA}.Release|Any CPU.ActiveCfg = Release|Any CPU
		{F452066C-54A1-422D-8650-241C365AEABA}.Release|Any CPU.Build.0 = Release|Any CPU
		{639988BB-20B8-4D9B-8FBE-6C22BC5E89BA}.Debug|Any CPU.ActiveCfg = Debug|Any CPU
		{639988BB-20B8-4D9B-8FBE-6C22BC5E89BA}.Debug|Any CPU.Build.0 = Debug|Any CPU
		{639988BB-20B8-4D9B-8FBE-6C22BC5E89BA}.Release|Any CPU.ActiveCfg = Release|Any CPU
		{639988BB-20B8-4D9B-8FBE-6C22BC5E89BA}.Release|Any CPU.Build.0 = Release|Any CPU
		{269CE2D3-2762-437B-AB66-83FC82CDD8B5}.Debug|Any CPU.ActiveCfg = Debug|Any CPU
		{269CE2D3-2762-437B-AB66-83FC82CDD8B5}.Debug|Any CPU.Build.0 = Debug|Any CPU
		{269CE2D3-2762-437B-AB66-83FC82CDD8B5}.Release|Any CPU.ActiveCfg = Release|Any CPU
		{269CE2D3-2762-437B-AB66-83FC82CDD8B5}.Release|Any CPU.Build.0 = Release|Any CPU
		{5DB90EC6-1313-4E74-AF7E-0A191CA66C85}.Debug|Any CPU.ActiveCfg = Debug|Any CPU
		{5DB90EC6-1313-4E74-AF7E-0A191CA66C85}.Debug|Any CPU.Build.0 = Debug|Any CPU
		{5DB90EC6-1313-4E74-AF7E-0A191CA66C85}.Release|Any CPU.ActiveCfg = Release|Any CPU
		{5DB90EC6-1313-4E74-AF7E-0A191CA66C85}.Release|Any CPU.Build.0 = Release|Any CPU
		{E274CA2D-6D9A-4DEA-8922-F914AC121461}.Debug|Any CPU.ActiveCfg = Debug|Any CPU
		{E274CA2D-6D9A-4DEA-8922-F914AC121461}.Debug|Any CPU.Build.0 = Debug|Any CPU
		{E274CA2D-6D9A-4DEA-8922-F914AC121461}.Release|Any CPU.ActiveCfg = Release|Any CPU
		{E274CA2D-6D9A-4DEA-8922-F914AC121461}.Release|Any CPU.Build.0 = Release|Any CPU
		{E2AC311A-15E2-4652-B8E6-E1D11E005391}.Debug|Any CPU.ActiveCfg = Debug|Any CPU
		{E2AC311A-15E2-4652-B8E6-E1D11E005391}.Debug|Any CPU.Build.0 = Debug|Any CPU
		{E2AC311A-15E2-4652-B8E6-E1D11E005391}.Release|Any CPU.ActiveCfg = Release|Any CPU
		{E2AC311A-15E2-4652-B8E6-E1D11E005391}.Release|Any CPU.Build.0 = Release|Any CPU
		{8AE36FAE-D9D0-4860-A9DC-76E8E9F14484}.Debug|Any CPU.ActiveCfg = Debug|Any CPU
		{8AE36FAE-D9D0-4860-A9DC-76E8E9F14484}.Debug|Any CPU.Build.0 = Debug|Any CPU
		{8AE36FAE-D9D0-4860-A9DC-76E8E9F14484}.Release|Any CPU.ActiveCfg = Release|Any CPU
		{8AE36FAE-D9D0-4860-A9DC-76E8E9F14484}.Release|Any CPU.Build.0 = Release|Any CPU
		{3C69F01C-6837-4B82-9E0D-0651C5DAA97A}.Debug|Any CPU.ActiveCfg = Debug|Any CPU
		{3C69F01C-6837-4B82-9E0D-0651C5DAA97A}.Debug|Any CPU.Build.0 = Debug|Any CPU
		{3C69F01C-6837-4B82-9E0D-0651C5DAA97A}.Release|Any CPU.ActiveCfg = Release|Any CPU
		{3C69F01C-6837-4B82-9E0D-0651C5DAA97A}.Release|Any CPU.Build.0 = Release|Any CPU
		{AB196EF3-A31F-4B1B-BF97-3B06903062FC}.Debug|Any CPU.ActiveCfg = Debug|Any CPU
		{AB196EF3-A31F-4B1B-BF97-3B06903062FC}.Debug|Any CPU.Build.0 = Debug|Any CPU
		{AB196EF3-A31F-4B1B-BF97-3B06903062FC}.Release|Any CPU.ActiveCfg = Release|Any CPU
		{AB196EF3-A31F-4B1B-BF97-3B06903062FC}.Release|Any CPU.Build.0 = Release|Any CPU
		{82CFE602-96F8-4CA5-A4CE-7B2B6A4C6F7B}.Debug|Any CPU.ActiveCfg = Debug|Any CPU
		{82CFE602-96F8-4CA5-A4CE-7B2B6A4C6F7B}.Debug|Any CPU.Build.0 = Debug|Any CPU
		{82CFE602-96F8-4CA5-A4CE-7B2B6A4C6F7B}.Release|Any CPU.ActiveCfg = Release|Any CPU
		{82CFE602-96F8-4CA5-A4CE-7B2B6A4C6F7B}.Release|Any CPU.Build.0 = Release|Any CPU
		{C87FF5C7-71BE-4E3B-8346-B961AD076DAA}.Debug|Any CPU.ActiveCfg = Debug|Any CPU
		{C87FF5C7-71BE-4E3B-8346-B961AD076DAA}.Debug|Any CPU.Build.0 = Debug|Any CPU
		{C87FF5C7-71BE-4E3B-8346-B961AD076DAA}.Release|Any CPU.ActiveCfg = Release|Any CPU
		{C87FF5C7-71BE-4E3B-8346-B961AD076DAA}.Release|Any CPU.Build.0 = Release|Any CPU
		{58CB65A8-150E-4CA5-9990-6947C69E212F}.Debug|Any CPU.ActiveCfg = Debug|Any CPU
		{58CB65A8-150E-4CA5-9990-6947C69E212F}.Debug|Any CPU.Build.0 = Debug|Any CPU
		{58CB65A8-150E-4CA5-9990-6947C69E212F}.Release|Any CPU.ActiveCfg = Release|Any CPU
		{58CB65A8-150E-4CA5-9990-6947C69E212F}.Release|Any CPU.Build.0 = Release|Any CPU
		{75E66E23-E78B-4F30-8B37-D137DB7C1EC7}.Debug|Any CPU.ActiveCfg = Debug|Any CPU
		{75E66E23-E78B-4F30-8B37-D137DB7C1EC7}.Debug|Any CPU.Build.0 = Debug|Any CPU
		{75E66E23-E78B-4F30-8B37-D137DB7C1EC7}.Release|Any CPU.ActiveCfg = Release|Any CPU
		{75E66E23-E78B-4F30-8B37-D137DB7C1EC7}.Release|Any CPU.Build.0 = Release|Any CPU
		{4CE1F9D4-A8E7-42F4-BE40-F0D3C5EB4A15}.Debug|Any CPU.ActiveCfg = Debug|Any CPU
		{4CE1F9D4-A8E7-42F4-BE40-F0D3C5EB4A15}.Debug|Any CPU.Build.0 = Debug|Any CPU
		{4CE1F9D4-A8E7-42F4-BE40-F0D3C5EB4A15}.Release|Any CPU.ActiveCfg = Release|Any CPU
		{4CE1F9D4-A8E7-42F4-BE40-F0D3C5EB4A15}.Release|Any CPU.Build.0 = Release|Any CPU
		{481B86EC-EE62-4430-9FA1-643500BA7885}.Debug|Any CPU.ActiveCfg = Debug|Any CPU
		{481B86EC-EE62-4430-9FA1-643500BA7885}.Debug|Any CPU.Build.0 = Debug|Any CPU
		{481B86EC-EE62-4430-9FA1-643500BA7885}.Release|Any CPU.ActiveCfg = Release|Any CPU
		{481B86EC-EE62-4430-9FA1-643500BA7885}.Release|Any CPU.Build.0 = Release|Any CPU
		{D2219AC0-5FE4-45DE-887A-CE556F221B26}.Debug|Any CPU.ActiveCfg = Debug|Any CPU
		{D2219AC0-5FE4-45DE-887A-CE556F221B26}.Debug|Any CPU.Build.0 = Debug|Any CPU
		{D2219AC0-5FE4-45DE-887A-CE556F221B26}.Release|Any CPU.ActiveCfg = Release|Any CPU
		{D2219AC0-5FE4-45DE-887A-CE556F221B26}.Release|Any CPU.Build.0 = Release|Any CPU
		{48CE1BA1-2406-48CC-83CB-589B01559499}.Debug|Any CPU.ActiveCfg = Debug|Any CPU
		{48CE1BA1-2406-48CC-83CB-589B01559499}.Debug|Any CPU.Build.0 = Debug|Any CPU
		{48CE1BA1-2406-48CC-83CB-589B01559499}.Release|Any CPU.ActiveCfg = Release|Any CPU
		{48CE1BA1-2406-48CC-83CB-589B01559499}.Release|Any CPU.Build.0 = Release|Any CPU
	EndGlobalSection
	GlobalSection(SolutionProperties) = preSolution
		HideSolutionNode = FALSE
	EndGlobalSection
	GlobalSection(ExtensibilityGlobals) = postSolution
		SolutionGuid = {B01BEDA5-1CBD-4572-B3C1-FD835B3DB592}
	EndGlobalSection
EndGlobal
