
Microsoft Visual Studio Solution File, Format Version 12.00
# Visual Studio Version 17
VisualStudioVersion = 17.0.32112.339
MinimumVisualStudioVersion = 10.0.40219.1
Project("{FAE04EC0-301F-11D3-BF4B-00C04F79EFBC}") = "KampIntro", "KampIntro\KampIntro.csproj", "{F452066C-54A1-422D-8650-241C365AEABA}"
EndProject
Project("{FAE04EC0-301F-11D3-BF4B-00C04F79EFBC}") = "Donguler", "Donguler\Donguler.csproj", "{639988BB-20B8-4D9B-8FBE-6C22BC5E89BA}"
EndProject
Project("{FAE04EC0-301F-11D3-BF4B-00C04F79EFBC}") = "ClassIntro", "ClassIntro\ClassIntro.csproj", "{269CE2D3-2762-437B-AB66-83FC82CDD8B5}"
EndProject
Project("{FAE04EC0-301F-11D3-BF4B-00C04F79EFBC}") = "IkinciGunOdevAlti", "IkinciGunOdevAlti\IkinciGunOdevAlti.csproj", "{5DB90EC6-1313-4E74-AF7E-0A191CA66C85}"
EndProject
Project("{FAE04EC0-301F-11D3-BF4B-00C04F79EFBC}") = "Metotlar", "Metotlar\Metotlar.csproj", "{E274CA2D-6D9A-4DEA-8922-F914AC121461}"
EndProject
Project("{FAE04EC0-301F-11D3-BF4B-00C04F79EFBC}") = "Matematik", "Matematik\Matematik.csproj", "{E2AC311A-15E2-4652-B8E6-E1D11E005391}"
EndProject
Project("{FAE04EC0-301F-11D3-BF4B-00C04F79EFBC}") = "DegerVeReferansTipler", "DegerVeReferansTipler\DegerVeReferansTipler.csproj", "{8AE36FAE-D9D0-4860-A9DC-76E8E9F14484}"
EndProject
Global
	GlobalSection(SolutionConfigurationPlatforms) = preSolution
		Debug|Any CPU = Debug|Any CPU
		Release|Any CPU = Release|Any CPU
	EndGlobalSection
	GlobalSection(ProjectConfigurationPlatforms) = postSolution
		{F452066C-54A1-422D-8650-241C365AEABA}.Debug|Any CPU.ActiveCfg = Debug|Any CPU
		{F452066C-54A1-422D-8650-241C365AEABA}.Debug|Any CPU.Build.0 = Debug|Any CPU
		{F452066C-54A1-422D-8650-241C365AEABA}.Release|Any CPU.ActiveCfg = Release|Any CPU
		{F452066C-54A1-422D-8650-241C365AEABA}.Release|Any CPU.Build.0 = Release|Any CPU
		{639988BB-20B8-4D9B-8FBE-6C22BC5E89BA}.Debug|Any CPU.ActiveCfg = Debug|Any CPU
		{639988BB-20B8-4D9B-8FBE-6C22BC5E89BA}.Debug|Any CPU.Build.0 = Debug|Any CPU
		{639988BB-20B8-4D9B-8FBE-6C22BC5E89BA}.Release|Any CPU.ActiveCfg = Release|Any CPU
		{639988BB-20B8-4D9B-8FBE-6C22BC5E89BA}.Release|Any CPU.Build.0 = Release|Any CPU
		{269CE2D3-2762-437B-AB66-83FC82CDD8B5}.Debug|Any CPU.ActiveCfg = Debug|Any CPU
		{269CE2D3-2762-437B-AB66-83FC82CDD8B5}.Debug|Any CPU.Build.0 = Debug|Any CPU
		{269CE2D3-2762-437B-AB66-83FC82CDD8B5}.Release|Any CPU.ActiveCfg = Release|Any CPU
		{269CE2D3-2762-437B-AB66-83FC82CDD8B5}.Release|Any CPU.Build.0 = Release|Any CPU
		{5DB90EC6-1313-4E74-AF7E-0A191CA66C85}.Debug|Any CPU.ActiveCfg = Debug|Any CPU
		{5DB90EC6-1313-4E74-AF7E-0A191CA66C85}.Debug|Any CPU.Build.0 = Debug|Any CPU
		{5DB90EC6-1313-4E74-AF7E-0A191CA66C85}.Release|Any CPU.ActiveCfg = Release|Any CPU
		{5DB90EC6-1313-4E74-AF7E-0A191CA66C85}.Release|Any CPU.Build.0 = Release|Any CPU
		{E274CA2D-6D9A-4DEA-8922-F914AC121461}.Debug|Any CPU.ActiveCfg = Debug|Any CPU
		{E274CA2D-6D9A-4DEA-8922-F914AC121461}.Debug|Any CPU.Build.0 = Debug|Any CPU
		{E274CA2D-6D9A-4DEA-8922-F914AC121461}.Release|Any CPU.ActiveCfg = Release|Any CPU
		{E274CA2D-6D9A-4DEA-8922-F914AC121461}.Release|Any CPU.Build.0 = Release|Any CPU
		{E2AC311A-15E2-4652-B8E6-E1D11E005391}.Debug|Any CPU.ActiveCfg = Debug|Any CPU
		{E2AC311A-15E2-4652-B8E6-E1D11E005391}.Debug|Any CPU.Build.0 = Debug|Any CPU
		{E2AC311A-15E2-4652-B8E6-E1D11E005391}.Release|Any CPU.ActiveCfg = Release|Any CPU
		{E2AC311A-15E2-4652-B8E6-E1D11E005391}.Release|Any CPU.Build.0 = Release|Any CPU
		{8AE36FAE-D9D0-4860-A9DC-76E8E9F14484}.Debug|Any CPU.ActiveCfg = Debug|Any CPU
		{8AE36FAE-D9D0-4860-A9DC-76E8E9F14484}.Debug|Any CPU.Build.0 = Debug|Any CPU
		{8AE36FAE-D9D0-4860-A9DC-76E8E9F14484}.Release|Any CPU.ActiveCfg = Release|Any CPU
		{8AE36FAE-D9D0-4860-A9DC-76E8E9F14484}.Release|Any CPU.Build.0 = Release|Any CPU
	EndGlobalSection
	GlobalSection(SolutionProperties) = preSolution
		HideSolutionNode = FALSE
	EndGlobalSection
	GlobalSection(ExtensibilityGlobals) = postSolution
		SolutionGuid = {B01BEDA5-1CBD-4572-B3C1-FD835B3DB592}
	EndGlobalSection
EndGlobal
